
Microsoft Visual Studio Solution File, Format Version 12.00
# Visual Studio 15
VisualStudioVersion = 15.0.26124.0
MinimumVisualStudioVersion = 15.0.26124.0
Project("{E53339B2-1760-4266-BCC7-CA923CBCF16C}") = "docker-compose", "docker-compose.dcproj", "{477B8ED6-DF43-4F9C-988C-638CD1CF87A8}"
EndProject
Project("{9A19103F-16F7-4668-BE54-9A1E7A4F7556}") = "Gateway", "Gateway\Gateway.csproj", "{3FF98EBE-9224-4F32-8CEF-E0CBFE839C30}"
EndProject
Project("{9A19103F-16F7-4668-BE54-9A1E7A4F7556}") = "Admin", "AdminQuestionBank\Admin\Admin\Admin.csproj", "{91E0063C-4C01-4487-966A-046605900857}"
EndProject
Project("{9A19103F-16F7-4668-BE54-9A1E7A4F7556}") = "UserLoginAPI", "UserLoginSignup\UserLoginAPI\UserLoginAPI\UserLoginAPI.csproj", "{CF0ADF03-1392-4996-9C6D-1DCED006CB2B}"
EndProject
Project("{9A19103F-16F7-4668-BE54-9A1E7A4F7556}") = "Result", "Result\Result\Result\Result.csproj", "{D70807A8-4177-49C1-8AFF-BF766ADE3A99}"
EndProject
Global
	GlobalSection(SolutionConfigurationPlatforms) = preSolution
		Debug|Any CPU = Debug|Any CPU
		Debug|x64 = Debug|x64
		Debug|x86 = Debug|x86
		Release|Any CPU = Release|Any CPU
		Release|x64 = Release|x64
		Release|x86 = Release|x86
	EndGlobalSection
	GlobalSection(ProjectConfigurationPlatforms) = postSolution
		{477B8ED6-DF43-4F9C-988C-638CD1CF87A8}.Debug|Any CPU.ActiveCfg = Debug|Any CPU
		{477B8ED6-DF43-4F9C-988C-638CD1CF87A8}.Debug|Any CPU.Build.0 = Debug|Any CPU
		{477B8ED6-DF43-4F9C-988C-638CD1CF87A8}.Debug|x64.ActiveCfg = Debug|Any CPU
		{477B8ED6-DF43-4F9C-988C-638CD1CF87A8}.Debug|x64.Build.0 = Debug|Any CPU
		{477B8ED6-DF43-4F9C-988C-638CD1CF87A8}.Debug|x86.ActiveCfg = Debug|Any CPU
		{477B8ED6-DF43-4F9C-988C-638CD1CF87A8}.Debug|x86.Build.0 = Debug|Any CPU
		{477B8ED6-DF43-4F9C-988C-638CD1CF87A8}.Release|Any CPU.ActiveCfg = Release|Any CPU
		{477B8ED6-DF43-4F9C-988C-638CD1CF87A8}.Release|Any CPU.Build.0 = Release|Any CPU
		{477B8ED6-DF43-4F9C-988C-638CD1CF87A8}.Release|x64.ActiveCfg = Release|Any CPU
		{477B8ED6-DF43-4F9C-988C-638CD1CF87A8}.Release|x64.Build.0 = Release|Any CPU
		{477B8ED6-DF43-4F9C-988C-638CD1CF87A8}.Release|x86.ActiveCfg = Release|Any CPU
		{477B8ED6-DF43-4F9C-988C-638CD1CF87A8}.Release|x86.Build.0 = Release|Any CPU
		{3FF98EBE-9224-4F32-8CEF-E0CBFE839C30}.Debug|Any CPU.ActiveCfg = Debug|Any CPU
		{3FF98EBE-9224-4F32-8CEF-E0CBFE839C30}.Debug|Any CPU.Build.0 = Debug|Any CPU
		{3FF98EBE-9224-4F32-8CEF-E0CBFE839C30}.Debug|x64.ActiveCfg = Debug|Any CPU
		{3FF98EBE-9224-4F32-8CEF-E0CBFE839C30}.Debug|x64.Build.0 = Debug|Any CPU
		{3FF98EBE-9224-4F32-8CEF-E0CBFE839C30}.Debug|x86.ActiveCfg = Debug|Any CPU
		{3FF98EBE-9224-4F32-8CEF-E0CBFE839C30}.Debug|x86.Build.0 = Debug|Any CPU
		{3FF98EBE-9224-4F32-8CEF-E0CBFE839C30}.Release|Any CPU.ActiveCfg = Release|Any CPU
		{3FF98EBE-9224-4F32-8CEF-E0CBFE839C30}.Release|Any CPU.Build.0 = Release|Any CPU
		{3FF98EBE-9224-4F32-8CEF-E0CBFE839C30}.Release|x64.ActiveCfg = Release|Any CPU
		{3FF98EBE-9224-4F32-8CEF-E0CBFE839C30}.Release|x64.Build.0 = Release|Any CPU
		{3FF98EBE-9224-4F32-8CEF-E0CBFE839C30}.Release|x86.ActiveCfg = Release|Any CPU
		{3FF98EBE-9224-4F32-8CEF-E0CBFE839C30}.Release|x86.Build.0 = Release|Any CPU
		{91E0063C-4C01-4487-966A-046605900857}.Debug|Any CPU.ActiveCfg = Debug|Any CPU
		{91E0063C-4C01-4487-966A-046605900857}.Debug|Any CPU.Build.0 = Debug|Any CPU
		{91E0063C-4C01-4487-966A-046605900857}.Debug|x64.ActiveCfg = Debug|Any CPU
		{91E0063C-4C01-4487-966A-046605900857}.Debug|x64.Build.0 = Debug|Any CPU
		{91E0063C-4C01-4487-966A-046605900857}.Debug|x86.ActiveCfg = Debug|Any CPU
		{91E0063C-4C01-4487-966A-046605900857}.Debug|x86.Build.0 = Debug|Any CPU
		{91E0063C-4C01-4487-966A-046605900857}.Release|Any CPU.ActiveCfg = Release|Any CPU
		{91E0063C-4C01-4487-966A-046605900857}.Release|Any CPU.Build.0 = Release|Any CPU
		{91E0063C-4C01-4487-966A-046605900857}.Release|x64.ActiveCfg = Release|Any CPU
		{91E0063C-4C01-4487-966A-046605900857}.Release|x64.Build.0 = Release|Any CPU
		{91E0063C-4C01-4487-966A-046605900857}.Release|x86.ActiveCfg = Release|Any CPU
		{91E0063C-4C01-4487-966A-046605900857}.Release|x86.Build.0 = Release|Any CPU
		{CF0ADF03-1392-4996-9C6D-1DCED006CB2B}.Debug|Any CPU.ActiveCfg = Debug|Any CPU
		{CF0ADF03-1392-4996-9C6D-1DCED006CB2B}.Debug|Any CPU.Build.0 = Debug|Any CPU
		{CF0ADF03-1392-4996-9C6D-1DCED006CB2B}.Debug|x64.ActiveCfg = Debug|Any CPU
		{CF0ADF03-1392-4996-9C6D-1DCED006CB2B}.Debug|x64.Build.0 = Debug|Any CPU
		{CF0ADF03-1392-4996-9C6D-1DCED006CB2B}.Debug|x86.ActiveCfg = Debug|Any CPU
		{CF0ADF03-1392-4996-9C6D-1DCED006CB2B}.Debug|x86.Build.0 = Debug|Any CPU
		{CF0ADF03-1392-4996-9C6D-1DCED006CB2B}.Release|Any CPU.ActiveCfg = Release|Any CPU
		{CF0ADF03-1392-4996-9C6D-1DCED006CB2B}.Release|Any CPU.Build.0 = Release|Any CPU
		{CF0ADF03-1392-4996-9C6D-1DCED006CB2B}.Release|x64.ActiveCfg = Release|Any CPU
		{CF0ADF03-1392-4996-9C6D-1DCED006CB2B}.Release|x64.Build.0 = Release|Any CPU
		{CF0ADF03-1392-4996-9C6D-1DCED006CB2B}.Release|x86.ActiveCfg = Release|Any CPU
		{CF0ADF03-1392-4996-9C6D-1DCED006CB2B}.Release|x86.Build.0 = Release|Any CPU
		{D70807A8-4177-49C1-8AFF-BF766ADE3A99}.Debug|Any CPU.ActiveCfg = Debug|Any CPU
		{D70807A8-4177-49C1-8AFF-BF766ADE3A99}.Debug|Any CPU.Build.0 = Debug|Any CPU
		{D70807A8-4177-49C1-8AFF-BF766ADE3A99}.Debug|x64.ActiveCfg = Debug|Any CPU
		{D70807A8-4177-49C1-8AFF-BF766ADE3A99}.Debug|x64.Build.0 = Debug|Any CPU
		{D70807A8-4177-49C1-8AFF-BF766ADE3A99}.Debug|x86.ActiveCfg = Debug|Any CPU
		{D70807A8-4177-49C1-8AFF-BF766ADE3A99}.Debug|x86.Build.0 = Debug|Any CPU
		{D70807A8-4177-49C1-8AFF-BF766ADE3A99}.Release|Any CPU.ActiveCfg = Release|Any CPU
		{D70807A8-4177-49C1-8AFF-BF766ADE3A99}.Release|Any CPU.Build.0 = Release|Any CPU
		{D70807A8-4177-49C1-8AFF-BF766ADE3A99}.Release|x64.ActiveCfg = Release|Any CPU
		{D70807A8-4177-49C1-8AFF-BF766ADE3A99}.Release|x64.Build.0 = Release|Any CPU
		{D70807A8-4177-49C1-8AFF-BF766ADE3A99}.Release|x86.ActiveCfg = Release|Any CPU
		{D70807A8-4177-49C1-8AFF-BF766ADE3A99}.Release|x86.Build.0 = Release|Any CPU
	EndGlobalSection
	GlobalSection(SolutionProperties) = preSolution
		HideSolutionNode = FALSE
	EndGlobalSection
	GlobalSection(ExtensibilityGlobals) = postSolution
		SolutionGuid = {4AF25047-E056-4686-8E85-3A58AE5F88E1}
	EndGlobalSection
EndGlobal
