
Microsoft Visual Studio Solution File, Format Version 12.00
# Visual Studio 15
VisualStudioVersion = 15.0.27703.2042
MinimumVisualStudioVersion = 10.0.40219.1
Project("{9A19103F-16F7-4668-BE54-9A1E7A4F7556}") = "Admin", "Admin\Admin.csproj", "{F9C03C75-C846-497D-8A66-C0A4FC575832}"
EndProject
Project("{9A19103F-16F7-4668-BE54-9A1E7A4F7556}") = "QuestionBankApiUT", "QuestionBankApiUT\QuestionBankApiUT.csproj", "{C82A1CB4-57E7-4CCA-B2F8-DC3F447F5FCB}"
EndProject
Global
	GlobalSection(SolutionConfigurationPlatforms) = preSolution
		Debug|Any CPU = Debug|Any CPU
		Release|Any CPU = Release|Any CPU
	EndGlobalSection
	GlobalSection(ProjectConfigurationPlatforms) = postSolution
		{F9C03C75-C846-497D-8A66-C0A4FC575832}.Debug|Any CPU.ActiveCfg = Debug|Any CPU
		{F9C03C75-C846-497D-8A66-C0A4FC575832}.Debug|Any CPU.Build.0 = Debug|Any CPU
		{F9C03C75-C846-497D-8A66-C0A4FC575832}.Release|Any CPU.ActiveCfg = Release|Any CPU
		{F9C03C75-C846-497D-8A66-C0A4FC575832}.Release|Any CPU.Build.0 = Release|Any CPU
		{C82A1CB4-57E7-4CCA-B2F8-DC3F447F5FCB}.Debug|Any CPU.ActiveCfg = Debug|Any CPU
		{C82A1CB4-57E7-4CCA-B2F8-DC3F447F5FCB}.Debug|Any CPU.Build.0 = Debug|Any CPU
		{C82A1CB4-57E7-4CCA-B2F8-DC3F447F5FCB}.Release|Any CPU.ActiveCfg = Release|Any CPU
		{C82A1CB4-57E7-4CCA-B2F8-DC3F447F5FCB}.Release|Any CPU.Build.0 = Release|Any CPU
	EndGlobalSection
	GlobalSection(SolutionProperties) = preSolution
		HideSolutionNode = FALSE
	EndGlobalSection
	GlobalSection(ExtensibilityGlobals) = postSolution
		SolutionGuid = {D42A285B-C266-45A0-8895-003A8CD0A86E}
	EndGlobalSection
EndGlobal
